
Microsoft Visual Studio Solution File, Format Version 12.00
# Visual Studio Version 16
VisualStudioVersion = 16.0.31105.61
MinimumVisualStudioVersion = 10.0.40219.1
Project("{FAE04EC0-301F-11D3-BF4B-00C04F79EFBC}") = "ProjetoBiblioteca", "ProjetoBiblioteca\ProjetoBiblioteca.csproj", "{639574A5-6961-4BE4-BBA2-6B3A38403402}"
EndProject
Global
	GlobalSection(SolutionConfigurationPlatforms) = preSolution
		Debug|Any CPU = Debug|Any CPU
		Release|Any CPU = Release|Any CPU
	EndGlobalSection
	GlobalSection(ProjectConfigurationPlatforms) = postSolution
		{639574A5-6961-4BE4-BBA2-6B3A38403402}.Debug|Any CPU.ActiveCfg = Debug|Any CPU
		{639574A5-6961-4BE4-BBA2-6B3A38403402}.Debug|Any CPU.Build.0 = Debug|Any CPU
		{639574A5-6961-4BE4-BBA2-6B3A38403402}.Release|Any CPU.ActiveCfg = Release|Any CPU
		{639574A5-6961-4BE4-BBA2-6B3A38403402}.Release|Any CPU.Build.0 = Release|Any CPU
	EndGlobalSection
	GlobalSection(SolutionProperties) = preSolution
		HideSolutionNode = FALSE
	EndGlobalSection
	GlobalSection(ExtensibilityGlobals) = postSolution
		SolutionGuid = {A29EF4EF-6E5B-433B-B3F2-D32A20A87E5A}
	EndGlobalSection
EndGlobal
